
Microsoft Visual Studio Solution File, Format Version 12.00
# Visual Studio Version 16
VisualStudioVersion = 16.0.30503.244
MinimumVisualStudioVersion = 10.0.40219.1
Project("{FAE04EC0-301F-11D3-BF4B-00C04F79EFBC}") = "Exemplo5", "Exemplo5\Exemplo5.csproj", "{369ABD99-60A1-4CF1-B926-A9F263191543}"
EndProject
Global
	GlobalSection(SolutionConfigurationPlatforms) = preSolution
		Debug|Any CPU = Debug|Any CPU
		Release|Any CPU = Release|Any CPU
	EndGlobalSection
	GlobalSection(ProjectConfigurationPlatforms) = postSolution
		{369ABD99-60A1-4CF1-B926-A9F263191543}.Debug|Any CPU.ActiveCfg = Debug|Any CPU
		{369ABD99-60A1-4CF1-B926-A9F263191543}.Debug|Any CPU.Build.0 = Debug|Any CPU
		{369ABD99-60A1-4CF1-B926-A9F263191543}.Release|Any CPU.ActiveCfg = Release|Any CPU
		{369ABD99-60A1-4CF1-B926-A9F263191543}.Release|Any CPU.Build.0 = Release|Any CPU
	EndGlobalSection
	GlobalSection(SolutionProperties) = preSolution
		HideSolutionNode = FALSE
	EndGlobalSection
	GlobalSection(ExtensibilityGlobals) = postSolution
		SolutionGuid = {AD0EA05B-BBF3-4A4B-A356-B1EB4AA58DD4}
	EndGlobalSection
EndGlobal
